
Microsoft Visual Studio Solution File, Format Version 12.00
# Visual Studio Version 17
VisualStudioVersion = 17.1.32319.34
MinimumVisualStudioVersion = 10.0.40219.1
Project("{FAE04EC0-301F-11D3-BF4B-00C04F79EFBC}") = "HW14_calculator", "HW14_calculator.csproj", "{40D6E0D8-B9D6-4064-BC9B-86ACC2B602BD}"
EndProject
Global
	GlobalSection(SolutionConfigurationPlatforms) = preSolution
		Debug|Any CPU = Debug|Any CPU
		Release|Any CPU = Release|Any CPU
	EndGlobalSection
	GlobalSection(ProjectConfigurationPlatforms) = postSolution
		{40D6E0D8-B9D6-4064-BC9B-86ACC2B602BD}.Debug|Any CPU.ActiveCfg = Debug|Any CPU
		{40D6E0D8-B9D6-4064-BC9B-86ACC2B602BD}.Debug|Any CPU.Build.0 = Debug|Any CPU
		{40D6E0D8-B9D6-4064-BC9B-86ACC2B602BD}.Release|Any CPU.ActiveCfg = Release|Any CPU
		{40D6E0D8-B9D6-4064-BC9B-86ACC2B602BD}.Release|Any CPU.Build.0 = Release|Any CPU
	EndGlobalSection
	GlobalSection(SolutionProperties) = preSolution
		HideSolutionNode = FALSE
	EndGlobalSection
	GlobalSection(ExtensibilityGlobals) = postSolution
		SolutionGuid = {6973AFE8-2322-431C-AA83-AD6CB693967B}
	EndGlobalSection
EndGlobal
